
Microsoft Visual Studio Solution File, Format Version 12.00
# Visual Studio Version 17
VisualStudioVersion = 17.2.32427.441
MinimumVisualStudioVersion = 10.0.40219.1
Project("{9A19103F-16F7-4668-BE54-9A1E7A4F7556}") = "CrashHandler", "CrashHandler.csproj", "{962C8834-3770-4E88-87ED-7BE69FBF87BD}"
EndProject
Global
	GlobalSection(SolutionConfigurationPlatforms) = preSolution
		Debug|Any CPU = Debug|Any CPU
		Release|Any CPU = Release|Any CPU
	EndGlobalSection
	GlobalSection(ProjectConfigurationPlatforms) = postSolution
		{962C8834-3770-4E88-87ED-7BE69FBF87BD}.Debug|Any CPU.ActiveCfg = Debug|Any CPU
		{962C8834-3770-4E88-87ED-7BE69FBF87BD}.Debug|Any CPU.Build.0 = Debug|Any CPU
		{962C8834-3770-4E88-87ED-7BE69FBF87BD}.Release|Any CPU.ActiveCfg = Release|Any CPU
		{962C8834-3770-4E88-87ED-7BE69FBF87BD}.Release|Any CPU.Build.0 = Release|Any CPU
	EndGlobalSection
	GlobalSection(SolutionProperties) = preSolution
		HideSolutionNode = FALSE
	EndGlobalSection
	GlobalSection(ExtensibilityGlobals) = postSolution
		SolutionGuid = {8AAB2251-1240-46B3-92E6-7C6D1CDE9440}
	EndGlobalSection
EndGlobal
